
Microsoft Visual Studio Solution File, Format Version 12.00
# Visual Studio Version 17
VisualStudioVersion = 17.2.32526.322
MinimumVisualStudioVersion = 10.0.40219.1
Project("{9A19103F-16F7-4668-BE54-9A1E7A4F7556}") = "MaaCopilotServer.Domain", "src\MaaCopilotServer.Domain\MaaCopilotServer.Domain.csproj", "{2ED22FCD-5970-47F4-B5CB-3569F28788D3}"
EndProject
Project("{9A19103F-16F7-4668-BE54-9A1E7A4F7556}") = "MaaCopilotServer.Api", "src\MaaCopilotServer.Api\MaaCopilotServer.Api.csproj", "{5748A5AC-B6F8-4414-B6AA-A089407BC969}"
EndProject
Project("{9A19103F-16F7-4668-BE54-9A1E7A4F7556}") = "MaaCopilotServer.Infrastructure", "src\MaaCopilotServer.Infrastructure\MaaCopilotServer.Infrastructure.csproj", "{EC4E807F-B785-4425-B695-B284A01DAA5E}"
EndProject
Project("{9A19103F-16F7-4668-BE54-9A1E7A4F7556}") = "MaaCopilotServer.Application", "src\MaaCopilotServer.Application\MaaCopilotServer.Application.csproj", "{DB2CF416-793B-4546-B034-ADD57BDCD43B}"
EndProject
Project("{2150E333-8FDC-42A3-9474-1A3956D46DE8}") = "App", "App", "{A1D2EB1C-F793-4CA9-86B6-8EB065CD75A7}"
EndProject
Project("{2150E333-8FDC-42A3-9474-1A3956D46DE8}") = "Resource", "Resource", "{649ECEA5-336F-4CF5-8D97-C9EA415A408B}"
EndProject
Project("{9A19103F-16F7-4668-BE54-9A1E7A4F7556}") = "MaaCopilotServer.Resources", "src\MaaCopilotServer.Resources\MaaCopilotServer.Resources.csproj", "{0FC05A37-6FC9-49B6-9704-3488043D3A0D}"
EndProject
Project("{2150E333-8FDC-42A3-9474-1A3956D46DE8}") = "Test", "Test", "{D24D095C-F78C-4F1B-BA43-9CF49612EF58}"
EndProject
Project("{9A19103F-16F7-4668-BE54-9A1E7A4F7556}") = "MaaCopilotServer.Api.Test", "test\MaaCopilotServer.Api.Test\MaaCopilotServer.Api.Test.csproj", "{27C4F564-3CA0-40F4-B39C-D20FC5760404}"
EndProject
Project("{9A19103F-16F7-4668-BE54-9A1E7A4F7556}") = "MaaCopilotServer.Application.Test", "test\MaaCopilotServer.Application.Test\MaaCopilotServer.Application.Test.csproj", "{58F833E3-A620-4B51-84A6-9CBC80B41D8D}"
EndProject
Project("{2150E333-8FDC-42A3-9474-1A3956D46DE8}") = "Solution Items", "Solution Items", "{DD2BFB2C-6E2E-42AE-B55F-9C225D5EBE23}"
	ProjectSection(SolutionItems) = preProject
		.editorconfig = .editorconfig
		.gitattributes = .gitattributes
		.gitignore = .gitignore
		api-spec.json = api-spec.json
		Dockerfile = Dockerfile
		LICENSE = LICENSE
		README.md = README.md
	EndProjectSection
EndProject
Project("{2150E333-8FDC-42A3-9474-1A3956D46DE8}") = "Github Actions", "Github Actions", "{5F4AA980-88F9-4FB8-9AB0-8CC2740BF139}"
	ProjectSection(SolutionItems) = preProject
		.github\workflows\build-test.yaml = .github\workflows\build-test.yaml
		.github\workflows\publish-docker.yaml = .github\workflows\publish-docker.yaml
	EndProjectSection
EndProject
Project("{2150E333-8FDC-42A3-9474-1A3956D46DE8}") = "Scripts", "Scripts", "{E3AD1038-CD00-4615-9AEE-5F89A882C448}"
	ProjectSection(SolutionItems) = preProject
		build-docker.sh = build-docker.sh
		publish-api.ps1 = publish-api.ps1
		publish-api.sh = publish-api.sh
		push-docker.sh = push-docker.sh
	EndProjectSection
EndProject
Project("{9A19103F-16F7-4668-BE54-9A1E7A4F7556}") = "MaaCopilotServer.Test", "test\MaaCopilotServer.Test\MaaCopilotServer.Test.csproj", "{D0C5216C-73C9-4B1C-A338-EECC82DB83D7}"
EndProject
Project("{9A19103F-16F7-4668-BE54-9A1E7A4F7556}") = "MaaCopilotServer.Domain.Test", "test\MaaCopilotServer.Domain.Test\MaaCopilotServer.Domain.Test.csproj", "{F6F8D207-C690-4430-B798-F4D515E295E5}"
EndProject
Project("{FAE04EC0-301F-11D3-BF4B-00C04F79EFBC}") = "MaaCopilotServer.Infrastructure.Test", "test\MaaCopilotServer.Infrastructure.Test\MaaCopilotServer.Infrastructure.Test.csproj", "{DFADDC3E-C899-4F04-BB87-DA4398B9260C}"
EndProject
Global
	GlobalSection(SolutionConfigurationPlatforms) = preSolution
		Debug|Any CPU = Debug|Any CPU
		Release|Any CPU = Release|Any CPU
	EndGlobalSection
	GlobalSection(ProjectConfigurationPlatforms) = postSolution
		{2ED22FCD-5970-47F4-B5CB-3569F28788D3}.Debug|Any CPU.ActiveCfg = Debug|Any CPU
		{2ED22FCD-5970-47F4-B5CB-3569F28788D3}.Debug|Any CPU.Build.0 = Debug|Any CPU
		{2ED22FCD-5970-47F4-B5CB-3569F28788D3}.Release|Any CPU.ActiveCfg = Release|Any CPU
		{2ED22FCD-5970-47F4-B5CB-3569F28788D3}.Release|Any CPU.Build.0 = Release|Any CPU
		{5748A5AC-B6F8-4414-B6AA-A089407BC969}.Debug|Any CPU.ActiveCfg = Debug|Any CPU
		{5748A5AC-B6F8-4414-B6AA-A089407BC969}.Debug|Any CPU.Build.0 = Debug|Any CPU
		{5748A5AC-B6F8-4414-B6AA-A089407BC969}.Release|Any CPU.ActiveCfg = Release|Any CPU
		{5748A5AC-B6F8-4414-B6AA-A089407BC969}.Release|Any CPU.Build.0 = Release|Any CPU
		{EC4E807F-B785-4425-B695-B284A01DAA5E}.Debug|Any CPU.ActiveCfg = Debug|Any CPU
		{EC4E807F-B785-4425-B695-B284A01DAA5E}.Debug|Any CPU.Build.0 = Debug|Any CPU
		{EC4E807F-B785-4425-B695-B284A01DAA5E}.Release|Any CPU.ActiveCfg = Release|Any CPU
		{EC4E807F-B785-4425-B695-B284A01DAA5E}.Release|Any CPU.Build.0 = Release|Any CPU
		{DB2CF416-793B-4546-B034-ADD57BDCD43B}.Debug|Any CPU.ActiveCfg = Debug|Any CPU
		{DB2CF416-793B-4546-B034-ADD57BDCD43B}.Debug|Any CPU.Build.0 = Debug|Any CPU
		{DB2CF416-793B-4546-B034-ADD57BDCD43B}.Release|Any CPU.ActiveCfg = Release|Any CPU
		{DB2CF416-793B-4546-B034-ADD57BDCD43B}.Release|Any CPU.Build.0 = Release|Any CPU
		{0FC05A37-6FC9-49B6-9704-3488043D3A0D}.Debug|Any CPU.ActiveCfg = Debug|Any CPU
		{0FC05A37-6FC9-49B6-9704-3488043D3A0D}.Debug|Any CPU.Build.0 = Debug|Any CPU
		{0FC05A37-6FC9-49B6-9704-3488043D3A0D}.Release|Any CPU.ActiveCfg = Release|Any CPU
		{0FC05A37-6FC9-49B6-9704-3488043D3A0D}.Release|Any CPU.Build.0 = Release|Any CPU
		{27C4F564-3CA0-40F4-B39C-D20FC5760404}.Debug|Any CPU.ActiveCfg = Debug|Any CPU
		{27C4F564-3CA0-40F4-B39C-D20FC5760404}.Debug|Any CPU.Build.0 = Debug|Any CPU
		{27C4F564-3CA0-40F4-B39C-D20FC5760404}.Release|Any CPU.ActiveCfg = Release|Any CPU
		{27C4F564-3CA0-40F4-B39C-D20FC5760404}.Release|Any CPU.Build.0 = Release|Any CPU
		{58F833E3-A620-4B51-84A6-9CBC80B41D8D}.Debug|Any CPU.ActiveCfg = Debug|Any CPU
		{58F833E3-A620-4B51-84A6-9CBC80B41D8D}.Debug|Any CPU.Build.0 = Debug|Any CPU
		{58F833E3-A620-4B51-84A6-9CBC80B41D8D}.Release|Any CPU.ActiveCfg = Release|Any CPU
		{58F833E3-A620-4B51-84A6-9CBC80B41D8D}.Release|Any CPU.Build.0 = Release|Any CPU
		{D0C5216C-73C9-4B1C-A338-EECC82DB83D7}.Debug|Any CPU.ActiveCfg = Debug|Any CPU
		{D0C5216C-73C9-4B1C-A338-EECC82DB83D7}.Debug|Any CPU.Build.0 = Debug|Any CPU
		{D0C5216C-73C9-4B1C-A338-EECC82DB83D7}.Release|Any CPU.ActiveCfg = Release|Any CPU
		{D0C5216C-73C9-4B1C-A338-EECC82DB83D7}.Release|Any CPU.Build.0 = Release|Any CPU
		{F6F8D207-C690-4430-B798-F4D515E295E5}.Debug|Any CPU.ActiveCfg = Debug|Any CPU
		{F6F8D207-C690-4430-B798-F4D515E295E5}.Debug|Any CPU.Build.0 = Debug|Any CPU
		{F6F8D207-C690-4430-B798-F4D515E295E5}.Release|Any CPU.ActiveCfg = Release|Any CPU
		{F6F8D207-C690-4430-B798-F4D515E295E5}.Release|Any CPU.Build.0 = Release|Any CPU
		{DFADDC3E-C899-4F04-BB87-DA4398B9260C}.Debug|Any CPU.ActiveCfg = Debug|Any CPU
		{DFADDC3E-C899-4F04-BB87-DA4398B9260C}.Debug|Any CPU.Build.0 = Debug|Any CPU
		{DFADDC3E-C899-4F04-BB87-DA4398B9260C}.Release|Any CPU.ActiveCfg = Release|Any CPU
		{DFADDC3E-C899-4F04-BB87-DA4398B9260C}.Release|Any CPU.Build.0 = Release|Any CPU
	EndGlobalSection
	GlobalSection(SolutionProperties) = preSolution
		HideSolutionNode = FALSE
	EndGlobalSection
	GlobalSection(NestedProjects) = preSolution
		{2ED22FCD-5970-47F4-B5CB-3569F28788D3} = {A1D2EB1C-F793-4CA9-86B6-8EB065CD75A7}
		{5748A5AC-B6F8-4414-B6AA-A089407BC969} = {A1D2EB1C-F793-4CA9-86B6-8EB065CD75A7}
		{EC4E807F-B785-4425-B695-B284A01DAA5E} = {A1D2EB1C-F793-4CA9-86B6-8EB065CD75A7}
		{DB2CF416-793B-4546-B034-ADD57BDCD43B} = {A1D2EB1C-F793-4CA9-86B6-8EB065CD75A7}
		{0FC05A37-6FC9-49B6-9704-3488043D3A0D} = {649ECEA5-336F-4CF5-8D97-C9EA415A408B}
		{27C4F564-3CA0-40F4-B39C-D20FC5760404} = {D24D095C-F78C-4F1B-BA43-9CF49612EF58}
		{58F833E3-A620-4B51-84A6-9CBC80B41D8D} = {D24D095C-F78C-4F1B-BA43-9CF49612EF58}
		{5F4AA980-88F9-4FB8-9AB0-8CC2740BF139} = {DD2BFB2C-6E2E-42AE-B55F-9C225D5EBE23}
		{E3AD1038-CD00-4615-9AEE-5F89A882C448} = {DD2BFB2C-6E2E-42AE-B55F-9C225D5EBE23}
		{D0C5216C-73C9-4B1C-A338-EECC82DB83D7} = {D24D095C-F78C-4F1B-BA43-9CF49612EF58}
		{F6F8D207-C690-4430-B798-F4D515E295E5} = {D24D095C-F78C-4F1B-BA43-9CF49612EF58}
		{DFADDC3E-C899-4F04-BB87-DA4398B9260C} = {D24D095C-F78C-4F1B-BA43-9CF49612EF58}
	EndGlobalSection
	GlobalSection(ExtensibilityGlobals) = postSolution
		SolutionGuid = {3FCAB059-6F8B-4C24-B065-992F5AD936D6}
	EndGlobalSection
EndGlobal
